
Microsoft Visual Studio Solution File, Format Version 12.00
# Visual Studio Version 16
VisualStudioVersion = 16.0.30114.105
MinimumVisualStudioVersion = 10.0.40219.1
Project("{FAE04EC0-301F-11D3-BF4B-00C04F79EFBC}") = "SpecConsole", "spec.console\SpecConsole.csproj", "{654D2537-B907-49FD-981F-6404707BABBC}"
EndProject
Global
	GlobalSection(SolutionConfigurationPlatforms) = preSolution
		Debug|Any CPU = Debug|Any CPU
		Release|Any CPU = Release|Any CPU
	EndGlobalSection
	GlobalSection(ProjectConfigurationPlatforms) = postSolution
		{654D2537-B907-49FD-981F-6404707BABBC}.Debug|Any CPU.ActiveCfg = Debug|Any CPU
		{654D2537-B907-49FD-981F-6404707BABBC}.Debug|Any CPU.Build.0 = Debug|Any CPU
		{654D2537-B907-49FD-981F-6404707BABBC}.Release|Any CPU.ActiveCfg = Release|Any CPU
		{654D2537-B907-49FD-981F-6404707BABBC}.Release|Any CPU.Build.0 = Release|Any CPU
	EndGlobalSection
	GlobalSection(SolutionProperties) = preSolution
		HideSolutionNode = FALSE
	EndGlobalSection
	GlobalSection(ExtensibilityGlobals) = postSolution
		SolutionGuid = {3A1A5C46-31AC-4922-BB37-C39275DFC4FE}
	EndGlobalSection
EndGlobal
